
Microsoft Visual Studio Solution File, Format Version 12.00
# Visual Studio 15
Project("{FAE04EC0-301F-11D3-BF4B-00C04F79EFBC}") = "Assembly-CSharp", "Assembly-CSharp.csproj", "{BAFE5FD8-7586-42E4-1665-C29EBE136CD8}"
EndProject
Global
	GlobalSection(SolutionConfigurationPlatforms) = preSolution
		Debug|Any CPU = Debug|Any CPU
		Release|Any CPU = Release|Any CPU
	EndGlobalSection
	GlobalSection(ProjectConfigurationPlatforms) = postSolution
		{BAFE5FD8-7586-42E4-1665-C29EBE136CD8}.Debug|Any CPU.ActiveCfg = Debug|Any CPU
		{BAFE5FD8-7586-42E4-1665-C29EBE136CD8}.Debug|Any CPU.Build.0 = Debug|Any CPU
		{BAFE5FD8-7586-42E4-1665-C29EBE136CD8}.Release|Any CPU.ActiveCfg = Release|Any CPU
		{BAFE5FD8-7586-42E4-1665-C29EBE136CD8}.Release|Any CPU.Build.0 = Release|Any CPU
	EndGlobalSection
	GlobalSection(SolutionProperties) = preSolution
		HideSolutionNode = FALSE
	EndGlobalSection
EndGlobal
